
Microsoft Visual Studio Solution File, Format Version 12.00
# Visual Studio Version 16
VisualStudioVersion = 16.0.31702.278
MinimumVisualStudioVersion = 10.0.40219.1
Project("{FAE04EC0-301F-11D3-BF4B-00C04F79EFBC}") = "Hello_world", "Hello_world.csproj", "{77D42206-7FC1-43F8-B9F8-8D99F4FD6EA2}"
EndProject
Global
	GlobalSection(SolutionConfigurationPlatforms) = preSolution
		Debug|Any CPU = Debug|Any CPU
		Release|Any CPU = Release|Any CPU
	EndGlobalSection
	GlobalSection(ProjectConfigurationPlatforms) = postSolution
		{77D42206-7FC1-43F8-B9F8-8D99F4FD6EA2}.Debug|Any CPU.ActiveCfg = Debug|Any CPU
		{77D42206-7FC1-43F8-B9F8-8D99F4FD6EA2}.Debug|Any CPU.Build.0 = Debug|Any CPU
		{77D42206-7FC1-43F8-B9F8-8D99F4FD6EA2}.Release|Any CPU.ActiveCfg = Release|Any CPU
		{77D42206-7FC1-43F8-B9F8-8D99F4FD6EA2}.Release|Any CPU.Build.0 = Release|Any CPU
	EndGlobalSection
	GlobalSection(SolutionProperties) = preSolution
		HideSolutionNode = FALSE
	EndGlobalSection
	GlobalSection(ExtensibilityGlobals) = postSolution
		SolutionGuid = {82D9A725-7AE7-47DE-A774-DE24A00E7A65}
	EndGlobalSection
EndGlobal
